// !$*UTF8*$!
{
	archiveVersion = 1;
	classes = {
	};
	objectVersion = 48;
	objects = {

/* Begin PBXBuildFile section */
		00645A4320C527C000371B02 /* AppDelegate.swift in Sources */ = {isa = PBXBuildFile; fileRef = 00645A4220C527C000371B02 /* AppDelegate.swift */; };
		00645A4520C527C000371B02 /* ViewController.swift in Sources */ = {isa = PBXBuildFile; fileRef = 00645A4420C527C000371B02 /* ViewController.swift */; };
		00645A4820C527C000371B02 /* Main.storyboard in Resources */ = {isa = PBXBuildFile; fileRef = 00645A4620C527C000371B02 /* Main.storyboard */; };
		00645A4A20C527C000371B02 /* Assets.xcassets in Resources */ = {isa = PBXBuildFile; fileRef = 00645A4920C527C000371B02 /* Assets.xcassets */; };
		00645A4D20C527C000371B02 /* LaunchScreen.storyboard in Resources */ = {isa = PBXBuildFile; fileRef = 00645A4B20C527C000371B02 /* LaunchScreen.storyboard */; };
		34BC11C3CDB7B2EDF7F96053 /* libPods-afsdfsdf.a in Frameworks */ = {isa = PBXBuildFile; fileRef = A81FF08AA483823AB7510212 /* libPods-afsdfsdf.a */; };
/* End PBXBuildFile section */

/* Begin PBXFileReference section */
		00645A3F20C527C000371B02 /* afsdfsdf.app */ = {isa = PBXFileReference; explicitFileType = wrapper.application; includeInIndex = 0; path = afsdfsdf.app; sourceTree = BUILT_PRODUCTS_DIR; };
		00645A4220C527C000371B02 /* AppDelegate.swift */ = {isa = PBXFileReference; lastKnownFileType = sourcecode.swift; path = AppDelegate.swift; sourceTree = "<group>"; };
		00645A4420C527C000371B02 /* ViewController.swift */ = {isa = PBXFileReference; lastKnownFileType = sourcecode.swift; path = ViewController.swift; sourceTree = "<group>"; };
		00645A4720C527C000371B02 /* Base */ = {isa = PBXFileReference; lastKnownFileType = file.storyboard; name = Base; path = Base.lproj/Main.storyboard; sourceTree = "<group>"; };
		00645A4920C527C000371B02 /* Assets.xcassets */ = {isa = PBXFileReference; lastKnownFileType = folder.assetcatalog; path = Assets.xcassets; sourceTree = "<group>"; };
		00645A4C20C527C000371B02 /* Base */ = {isa = PBXFileReference; lastKnownFileType = file.storyboard; name = Base; path = Base.lproj/LaunchScreen.storyboard; sourceTree = "<group>"; };
		00645A4E20C527C000371B02 /* Info.plist */ = {isa = PBXFileReference; lastKnownFileType = text.plist.xml; path = Info.plist; sourceTree = "<group>"; };
		3B4905A063D28E3BE442B46D /* Pods-afsdfsdf.release.xcconfig */ = {isa = PBXFileReference; includeInIndex = 1; lastKnownFileType = text.xcconfig; name = "Pods-afsdfsdf.release.xcconfig"; path = "Pods/Target Support Files/Pods-afsdfsdf/Pods-afsdfsdf.release.xcconfig"; sourceTree = "<group>"; };
		A81FF08AA483823AB7510212 /* libPods-afsdfsdf.a */ = {isa = PBXFileReference; explicitFileType = archive.ar; includeInIndex = 0; path = "libPods-afsdfsdf.a"; sourceTree = BUILT_PRODUCTS_DIR; };
		B0C7EB1996158890FA807DA8 /* Pods-afsdfsdf.debug.xcconfig */ = {isa = PBXFileReference; includeInIndex = 1; lastKnownFileType = text.xcconfig; name = "Pods-afsdfsdf.debug.xcconfig"; path = "Pods/Target Support Files/Pods-afsdfsdf/Pods-afsdfsdf.debug.xcconfig"; sourceTree = "<group>"; };
/* End PBXFileReference section */

/* Begin PBXFrameworksBuildPhase section */
		00645A3C20C527C000371B02 /* Frameworks */ = {
			isa = PBXFrameworksBuildPhase;
			buildActionMask = 2147483647;
			files = (
				34BC11C3CDB7B2EDF7F96053 /* libPods-afsdfsdf.a in Frameworks */,
			);
			runOnlyForDeploymentPostprocessing = 0;
		};
/* End PBXFrameworksBuildPhase section */

/* Begin PBXGroup section */
		00645A3620C527C000371B02 = {
			isa = PBXGroup;
			children = (
				00645A4120C527C000371B02 /* afsdfsdf */,
				00645A4020C527C000371B02 /* Products */,
				CA76D47AD7336487E143B9AF /* Pods */,
				8C04B97F11C9A784C2BC47C8 /* Frameworks */,
			);
			sourceTree = "<group>";
		};
		00645A4020C527C000371B02 /* Products */ = {
			isa = PBXGroup;
			children = (
				00645A3F20C527C000371B02 /* afsdfsdf.app */,
			);
			name = Products;
			sourceTree = "<group>";
		};
		00645A4120C527C000371B02 /* afsdfsdf */ = {
			isa = PBXGroup;
			children = (
				00645A4220C527C000371B02 /* AppDelegate.swift */,
				00645A4420C527C000371B02 /* ViewController.swift */,
				00645A4620C527C000371B02 /* Main.storyboard */,
				00645A4920C527C000371B02 /* Assets.xcassets */,
				00645A4B20C527C000371B02 /* LaunchScreen.storyboard */,
				00645A4E20C527C000371B02 /* Info.plist */,
			);
			path = afsdfsdf;
			sourceTree = "<group>";
		};
		8C04B97F11C9A784C2BC47C8 /* Frameworks */ = {
			isa = PBXGroup;
			children = (
				A81FF08AA483823AB7510212 /* libPods-afsdfsdf.a */,
			);
			name = Frameworks;
			sourceTree = "<group>";
		};
		CA76D47AD7336487E143B9AF /* Pods */ = {
			isa = PBXGroup;
			children = (
				B0C7EB1996158890FA807DA8 /* Pods-afsdfsdf.debug.xcconfig */,
				3B4905A063D28E3BE442B46D /* Pods-afsdfsdf.release.xcconfig */,
			);
			name = Pods;
			sourceTree = "<group>";
		};
/* End PBXGroup section */

/* Begin PBXNativeTarget section */
		00645A3E20C527C000371B02 /* afsdfsdf */ = {
			isa = PBXNativeTarget;
			buildConfigurationList = 00645A5120C527C000371B02 /* Build configuration list for PBXNativeTarget "afsdfsdf" */;
			buildPhases = (
				FF4871F5F56E170FB6F52E45 /* [CP] Check Pods Manifest.lock */,
				00645A3B20C527C000371B02 /* Sources */,
				00645A3C20C527C000371B02 /* Frameworks */,
				00645A3D20C527C000371B02 /* Resources */,
			);
			buildRules = (
			);
			dependencies = (
			);
			name = afsdfsdf;
			productName = afsdfsdf;
			productReference = 00645A3F20C527C000371B02 /* afsdfsdf.app */;
			productType = "com.apple.product-type.application";
		};
/* End PBXNativeTarget section */

/* Begin PBXProject section */
		00645A3720C527C000371B02 /* Project object */ = {
			isa = PBXProject;
			attributes = {
				LastSwiftUpdateCheck = 0920;
				LastUpgradeCheck = 0920;
				ORGANIZATIONNAME = mada;
				TargetAttributes = {
					00645A3E20C527C000371B02 = {
						CreatedOnToolsVersion = 9.2;
						ProvisioningStyle = Automatic;
					};
				};
			};
			buildConfigurationList = 00645A3A20C527C000371B02 /* Build configuration list for PBXProject "afsdfsdf" */;
			compatibilityVersion = "Xcode 8.0";
			developmentRegion = en;
			hasScannedForEncodings = 0;
			knownRegions = (
				en,
				Base,
			);
			mainGroup = 00645A3620C527C000371B02;
			productRefGroup = 00645A4020C527C000371B02 /* Products */;
			projectDirPath = "";
			projectRoot = "";
			targets = (
				00645A3E20C527C000371B02 /* afsdfsdf */,
			);
		};
/* End PBXProject section */

/* Begin PBXResourcesBuildPhase section */
		00645A3D20C527C000371B02 /* Resources */ = {
			isa = PBXResourcesBuildPhase;
			buildActionMask = 2147483647;
			files = (
				00645A4D20C527C000371B02 /* LaunchScreen.storyboard in Resources */,
				00645A4A20C527C000371B02 /* Assets.xcassets in Resources */,
				00645A4820C527C000371B02 /* Main.storyboard in Resources */,
			);
			runOnlyForDeploymentPostprocessing = 0;
		};
/* End PBXResourcesBuildPhase section */

/* Begin PBXShellScriptBuildPhase section */
		FF4871F5F56E170FB6F52E45 /* [CP] Check Pods Manifest.lock */ = {
			isa = PBXShellScriptBuildPhase;
			buildActionMask = 2147483647;
			files = (
			);
			inputPaths = (
				"${PODS_PODFILE_DIR_PATH}/Podfile.lock",
				"${PODS_ROOT}/Manifest.lock",
			);
			name = "[CP] Check Pods Manifest.lock";
			outputPaths = (
				"$(DERIVED_FILE_DIR)/Pods-afsdfsdf-checkManifestLockResult.txt",
			);
			runOnlyForDeploymentPostprocessing = 0;
			shellPath = /bin/sh;
			shellScript = "diff \"${PODS_PODFILE_DIR_PATH}/Podfile.lock\" \"${PODS_ROOT}/Manifest.lock\" > /dev/null\nif [ $? != 0 ] ; then\n    # print error to STDERR\n    echo \"error: The sandbox is not in sync with the Podfile.lock. Run 'pod install' or update your CocoaPods installation.\" >&2\n    exit 1\nfi\n# This output is used by Xcode 'outputs' to avoid re-running this script phase.\necho \"SUCCESS\" > \"${SCRIPT_OUTPUT_FILE_0}\"\n";
			showEnvVarsInLog = 0;
		};
/* End PBXShellScriptBuildPhase section */

/* Begin PBXSourcesBuildPhase section */
		00645A3B20C527C000371B02 /* Sources */ = {
			isa = PBXSourcesBuildPhase;
			buildActionMask = 2147483647;
			files = (
				00645A4520C527C000371B02 /* ViewController.swift in Sources */,
				00645A4320C527C000371B02 /* AppDelegate.swift in Sources */,
			);
			runOnlyForDeploymentPostprocessing = 0;
		};
/* End PBXSourcesBuildPhase section */

/* Begin PBXVariantGroup section */
		00645A4620C527C000371B02 /* Main.storyboard */ = {
			isa = PBXVariantGroup;
			children = (
				00645A4720C527C000371B02 /* Base */,
			);
			name = Main.storyboard;
			sourceTree = "<group>";
		};
		00645A4B20C527C000371B02 /* LaunchScreen.storyboard */ = {
			isa = PBXVariantGroup;
			children = (
				00645A4C20C527C000371B02 /* Base */,
			);
			name = LaunchScreen.storyboard;
			sourceTree = "<group>";
		};
/* End PBXVariantGroup section */

/* Begin XCBuildConfiguration section */
		00645A4F20C527C000371B02 /* Debug */ = {
			isa = XCBuildConfiguration;
			buildSettings = {
				ALWAYS_SEARCH_USER_PATHS = NO;
				CLANG_ANALYZER_NONNULL = YES;
				CLANG_ANALYZER_NUMBER_OBJECT_CONVERSION = YES_AGGRESSIVE;
				CLANG_CXX_LANGUAGE_STANDARD = "gnu++14";
				CLANG_CXX_LIBRARY = "libc++";
				CLANG_ENABLE_MODULES = YES;
				CLANG_ENABLE_OBJC_ARC = YES;
				CLANG_WARN_BLOCK_CAPTURE_AUTORELEASING = YES;
				CLANG_WARN_BOOL_CONVERSION = YES;
				CLANG_WARN_COMMA = YES;
				CLANG_WARN_CONSTANT_CONVERSION = YES;
				CLANG_WARN_DIRECT_OBJC_ISA_USAGE = YES_ERROR;
				CLANG_WARN_DOCUMENTATION_COMMENTS = YES;
				CLANG_WARN_EMPTY_BODY = YES;
				CLANG_WARN_ENUM_CONVERSION = YES;
				CLANG_WARN_INFINITE_RECURSION = YES;
				CLANG_WARN_INT_CONVERSION = YES;
				CLANG_WARN_NON_LITERAL_NULL_CONVERSION = YES;
				CLANG_WARN_OBJC_LITERAL_CONVERSION = YES;
				CLANG_WARN_OBJC_ROOT_CLASS = YES_ERROR;
				CLANG_WARN_RANGE_LOOP_ANALYSIS = YES;
				CLANG_WARN_STRICT_PROTOTYPES = YES;
				CLANG_WARN_SUSPICIOUS_MOVE = YES;
				CLANG_WARN_UNGUARDED_AVAILABILITY = YES_AGGRESSIVE;
				CLANG_WARN_UNREACHABLE_CODE = YES;
				CLANG_WARN__DUPLICATE_METHOD_MATCH = YES;
				CODE_SIGN_IDENTITY = "iPhone Developer";
				COPY_PHASE_STRIP = NO;
				DEBUG_INFORMATION_FORMAT = dwarf;
				ENABLE_STRICT_OBJC_MSGSEND = YES;
				ENABLE_TESTABILITY = YES;
				GCC_C_LANGUAGE_STANDARD = gnu11;
				GCC_DYNAMIC_NO_PIC = NO;
				GCC_NO_COMMON_BLOCKS = YES;
				GCC_OPTIMIZATION_LEVEL = 0;
				GCC_PREPROCESSOR_DEFINITIONS = (
					"DEBUG=1",
					"$(inherited)",
				);
				GCC_WARN_64_TO_32_BIT_CONVERSION = YES;
				GCC_WARN_ABOUT_RETURN_TYPE = YES_ERROR;
				GCC_WARN_UNDECLARED_SELECTOR = YES;
				GCC_WARN_UNINITIALIZED_AUTOS = YES_AGGRESSIVE;
				GCC_WARN_UNUSED_FUNCTION = YES;
				GCC_WARN_UNUSED_VARIABLE = YES;
				IPHONEOS_DEPLOYMENT_TARGET = 11.2;
				MTL_ENABLE_DEBUG_INFO = YES;
				ONLY_ACTIVE_ARCH = YES;
				SDKROOT = iphoneos;
				SWIFT_ACTIVE_COMPILATION_CONDITIONS = DEBUG;
				SWIFT_OPTIMIZATION_LEVEL = "-Onone";
			};
			name = Debug;
		};
		00645A5020C527C000371B02 /* Release */ = {
			isa = XCBuildConfiguration;
			buildSettings = {
				ALWAYS_SEARCH_USER_PATHS = NO;
				CLANG_ANALYZER_NONNULL = YES;
				CLANG_ANALYZER_NUMBER_OBJECT_CONVERSION = YES_AGGRESSIVE;
				CLANG_CXX_LANGUAGE_STANDARD = "gnu++14";
				CLANG_CXX_LIBRARY = "libc++";
				CLANG_ENABLE_MODULES = YES;
				CLANG_ENABLE_OBJC_ARC = YES;
				CLANG_WARN_BLOCK_CAPTURE_AUTORELEASING = YES;
				CLANG_WARN_BOOL_CONVERSION = YES;
				CLANG_WARN_COMMA = YES;
				CLANG_WARN_CONSTANT_CONVERSION = YES;
				CLANG_WARN_DIRECT_OBJC_ISA_USAGE = YES_ERROR;
				CLANG_WARN_DOCUMENTATION_COMMENTS = YES;
				CLANG_WARN_EMPTY_BODY = YES;
				CLANG_WARN_ENUM_CONVERSION = YES;
				CLANG_WARN_INFINITE_RECURSION = YES;
				CLANG_WARN_INT_CONVERSION = YES;
				CLANG_WARN_NON_LITERAL_NULL_CONVERSION = YES;
				CLANG_WARN_OBJC_LITERAL_CONVERSION = YES;
				CLANG_WARN_OBJC_ROOT_CLASS = YES_ERROR;
				CLANG_WARN_RANGE_LOOP_ANALYSIS = YES;
				CLANG_WARN_STRICT_PROTOTYPES = YES;
				CLANG_WARN_SUSPICIOUS_MOVE = YES;
				CLANG_WARN_UNGUARDED_AVAILABILITY = YES_AGGRESSIVE;
				CLANG_WARN_UNREACHABLE_CODE = YES;
				CLANG_WARN__DUPLICATE_METHOD_MATCH = YES;
				CODE_SIGN_IDENTITY = "iPhone Developer";
				COPY_PHASE_STRIP = NO;
				DEBUG_INFORMATION_FORMAT = "dwarf-with-dsym";
				ENABLE_NS_ASSERTIONS = NO;
				ENABLE_STRICT_OBJC_MSGSEND = YES;
				GCC_C_LANGUAGE_STANDARD = gnu11;
				GCC_NO_COMMON_BLOCKS = YES;
				GCC_WARN_64_TO_32_BIT_CONVERSION = YES;
				GCC_WARN_ABOUT_RETURN_TYPE = YES_ERROR;
				GCC_WARN_UNDECLARED_SELECTOR = YES;
				GCC_WARN_UNINITIALIZED_AUTOS = YES_AGGRESSIVE;
				GCC_WARN_UNUSED_FUNCTION = YES;
				GCC_WARN_UNUSED_VARIABLE = YES;
				IPHONEOS_DEPLOYMENT_TARGET = 11.2;
				MTL_ENABLE_DEBUG_INFO = NO;
				SDKROOT = iphoneos;
				SWIFT_OPTIMIZATION_LEVEL = "-Owholemodule";
				VALIDATE_PRODUCT = YES;
			};
			name = Release;
		};
		00645A5220C527C000371B02 /* Debug */ = {
			isa = XCBuildConfiguration;
			baseConfigurationReference = B0C7EB1996158890FA807DA8 /* Pods-afsdfsdf.debug.xcconfig */;
			buildSettings = {
				ASSETCATALOG_COMPILER_APPICON_NAME = AppIcon;
				CODE_SIGN_STYLE = Automatic;
				DEVELOPMENT_TEAM = YL4GG9ES2E;
				INFOPLIST_FILE = afsdfsdf/Info.plist;
				LD_RUNPATH_SEARCH_PATHS = "$(inherited) @executable_path/Frameworks";
				PRODUCT_BUNDLE_IDENTIFIER = com.pandakadian.panke.afsdfsdf;
				PRODUCT_NAME = "$(TARGET_NAME)";
				SWIFT_VERSION = 4.0;
				TARGETED_DEVICE_FAMILY = "1,2";
			};
			name = Debug;
		};
		00645A5320C527C000371B02 /* Release */ = {
			isa = XCBuildConfiguration;
			baseConfigurationReference = 3B4905A063D28E3BE442B46D /* Pods-afsdfsdf.release.xcconfig */;
			buildSettings = {
				ASSETCATALOG_COMPILER_APPICON_NAME = AppIcon;
				CODE_SIGN_STYLE = Automatic;
				DEVELOPMENT_TEAM = YL4GG9ES2E;
				INFOPLIST_FILE = afsdfsdf/Info.plist;
				LD_RUNPATH_SEARCH_PATHS = "$(inherited) @executable_path/Frameworks";
				PRODUCT_BUNDLE_IDENTIFIER = com.pandakadian.panke.afsdfsdf;
				PRODUCT_NAME = "$(TARGET_NAME)";
				SWIFT_VERSION = 4.0;
				TARGETED_DEVICE_FAMILY = "1,2";
			};
			name = Release;
		};
/* End XCBuildConfiguration section */

/* Begin XCConfigurationList section */
		00645A3A20C527C000371B02 /* Build configuration list for PBXProject "afsdfsdf" */ = {
			isa = XCConfigurationList;
			buildConfigurations = (
				00645A4F20C527C000371B02 /* Debug */,
				00645A5020C527C000371B02 /* Release */,
			);
			defaultConfigurationIsVisible = 0;
			defaultConfigurationName = Release;
		};
		00645A5120C527C000371B02 /* Build configuration list for PBXNativeTarget "afsdfsdf" */ = {
			isa = XCConfigurationList;
			buildConfigurations = (
				00645A5220C527C000371B02 /* Debug */,
				00645A5320C527C000371B02 /* Release */,
			);
			defaultConfigurationIsVisible = 0;
			defaultConfigurationName = Release;
		};
/* End XCConfigurationList section */
	};
	rootObject = 00645A3720C527C000371B02 /* Project object */;
}
